PODS:
  - Alamofire (5.4.3)
  - Charts (4.0.2):
    - Charts/Core (= 4.0.2)
  - Charts/Core (4.0.2):
    - SwiftAlgorithms (~> 1.0)
  - SwiftAlgorithms (1.0.0)

DEPENDENCIES:
  - Alamofire
  - Charts

SPEC REPOS:
  trunk:
    - Alamofire
    - Charts
    - SwiftAlgorithms

SPEC CHECKSUMS:
  Alamofire: e447a2774a40c996748296fa2c55112fdbbc42f9
  Charts: cfa4e911e6dc289582c2fe011a0e87c03d96727f
  SwiftAlgorithms: 38dda4731d19027fdeee1125f973111bf3386b53

PODFILE CHECKSUM: 0d726a3e83b895d9a8c8827fbbea997b6e23e13a

COCOAPODS: 1.11.2
